
Microsoft Visual Studio Solution File, Format Version 12.00
# Visual Studio 15
VisualStudioVersion = 15.0.27004.2005
MinimumVisualStudioVersion = 10.0.40219.1
Project("{FAE04EC0-301F-11D3-BF4B-00C04F79EFBC}") = "Samara", "Samara\Samara.csproj", "{D1F616B6-651C-4D65-8196-5A818590A8FC}"
EndProject
Project("{00D1A9C2-B5F0-4AF3-8072-F6C62B433612}") = "SamaraNew", "SamaraDB\SamaraNew.sqlproj", "{299FCE13-DF94-483A-8081-A0B3119523C9}"
EndProject
Global
	GlobalSection(SolutionConfigurationPlatforms) = preSolution
		Debug|Any CPU = Debug|Any CPU
		Release|Any CPU = Release|Any CPU
	EndGlobalSection
	GlobalSection(ProjectConfigurationPlatforms) = postSolution
		{D1F616B6-651C-4D65-8196-5A818590A8FC}.Debug|Any CPU.ActiveCfg = Debug|Any CPU
		{D1F616B6-651C-4D65-8196-5A818590A8FC}.Debug|Any CPU.Build.0 = Debug|Any CPU
		{D1F616B6-651C-4D65-8196-5A818590A8FC}.Release|Any CPU.ActiveCfg = Release|Any CPU
		{D1F616B6-651C-4D65-8196-5A818590A8FC}.Release|Any CPU.Build.0 = Release|Any CPU
		{299FCE13-DF94-483A-8081-A0B3119523C9}.Debug|Any CPU.ActiveCfg = Debug|Any CPU
		{299FCE13-DF94-483A-8081-A0B3119523C9}.Debug|Any CPU.Build.0 = Debug|Any CPU
		{299FCE13-DF94-483A-8081-A0B3119523C9}.Debug|Any CPU.Deploy.0 = Debug|Any CPU
		{299FCE13-DF94-483A-8081-A0B3119523C9}.Release|Any CPU.ActiveCfg = Release|Any CPU
		{299FCE13-DF94-483A-8081-A0B3119523C9}.Release|Any CPU.Build.0 = Release|Any CPU
		{299FCE13-DF94-483A-8081-A0B3119523C9}.Release|Any CPU.Deploy.0 = Release|Any CPU
	EndGlobalSection
	GlobalSection(SolutionProperties) = preSolution
		HideSolutionNode = FALSE
	EndGlobalSection
	GlobalSection(ExtensibilityGlobals) = postSolution
		SolutionGuid = {82945E83-3EDE-4D4C-AE4B-CBC983A7CB24}
	EndGlobalSection
EndGlobal
